
Microsoft Visual Studio Solution File, Format Version 12.00
Project("{FAE04EC0-301F-11D3-BF4B-00C04F79EFBC}") = "MathsLib", "MathsLib\MathsLib.csproj", "{4E35AC92-0642-48C6-BF6F-E4812A44D37D}"
EndProject
Project("{FAE04EC0-301F-11D3-BF4B-00C04F79EFBC}") = "PerformanceTesting", "PerformanceTesting\PerformanceTesting.csproj", "{207FA7FB-0FC4-4DC4-8113-8C99BE8A3D58}"
EndProject
Global
	GlobalSection(SolutionConfigurationPlatforms) = preSolution
		Debug|Any CPU = Debug|Any CPU
		Release|Any CPU = Release|Any CPU
	EndGlobalSection
	GlobalSection(ProjectConfigurationPlatforms) = postSolution
		{4E35AC92-0642-48C6-BF6F-E4812A44D37D}.Debug|Any CPU.ActiveCfg = Debug|Any CPU
		{4E35AC92-0642-48C6-BF6F-E4812A44D37D}.Debug|Any CPU.Build.0 = Debug|Any CPU
		{4E35AC92-0642-48C6-BF6F-E4812A44D37D}.Release|Any CPU.ActiveCfg = Release|Any CPU
		{4E35AC92-0642-48C6-BF6F-E4812A44D37D}.Release|Any CPU.Build.0 = Release|Any CPU
		{207FA7FB-0FC4-4DC4-8113-8C99BE8A3D58}.Debug|Any CPU.ActiveCfg = Debug|Any CPU
		{207FA7FB-0FC4-4DC4-8113-8C99BE8A3D58}.Debug|Any CPU.Build.0 = Debug|Any CPU
		{207FA7FB-0FC4-4DC4-8113-8C99BE8A3D58}.Release|Any CPU.ActiveCfg = Release|Any CPU
		{207FA7FB-0FC4-4DC4-8113-8C99BE8A3D58}.Release|Any CPU.Build.0 = Release|Any CPU
	EndGlobalSection
EndGlobal
